# This file is automatically @generated by Cargo.
# It is not intended for manual editing.
version = 4

[[package]]
name = "basic"
version = "0.1.0"
dependencies = [
 "sail_prelude",
]

[[package]]
name = "basic_alt"
version = "0.1.0"
dependencies = [
 "sail_prelude",
]

[[package]]
name = "csr"
version = "0.1.0"
dependencies = [
 "sail_prelude",
]

[[package]]
name = "mret"
version = "0.1.0"
dependencies = [
 "sail_prelude",
]

[[package]]
name = "riscv"
version = "0.1.0"
dependencies = [
 "sail_prelude",
]

[[package]]
name = "sail_prelude"
version = "0.1.0"

[[package]]
name = "trap"
version = "0.1.0"
dependencies = [
 "sail_prelude",
]

[[package]]
name = "types"
version = "0.1.0"
dependencies = [
 "sail_prelude",
]

[[package]]
name = "wfi"
version = "0.1.0"
dependencies = [
 "sail_prelude",
]
